# This file is generated by running "yarn install" inside your project.
# Manual changes might be lost - proceed with caution!

__metadata:
  version: 9
  cacheKey: 10c0

"@borewit/text-codec@npm:^0.2.1":
  version: 0.2.2
  resolution: "@borewit/text-codec@npm:0.2.2"
  checksum: 10c0/2d3fb132bc6a132914a8fbf8e9ff2fa1ead210ecc395b28bb7355bd7719548a5e351ffe39f21c3bee8048f6cabd99eabd404bb5cc809cad9cba25abed19d271f
  languageName: node
  linkType: hard

"@cordis-market-fixture/app@workspace:.":
  version: 0.0.0-use.local
  resolution: "@cordis-market-fixture/app@workspace:."
  dependencies:
    "@cordisjs/plugin-http": "npm:^1.4.0"
    "@cordisjs/plugin-include": "npm:^1.0.3"
    "@cordisjs/plugin-loader": "npm:^1.0.0-rc.3"
    "@cordisjs/plugin-loader-webui": "portal:../../../../loader-webui"
    "@cordisjs/plugin-logger": "npm:^1.0.2"
    "@cordisjs/plugin-market": "portal:../../.."
    "@cordisjs/plugin-server": "npm:^1.5.0"
    "@cordisjs/plugin-timer": "npm:^1.1.1"
    "@cordisjs/plugin-webui": "portal:../../../../webui"
    cordis: "npm:^4.0.0-rc.4"
  languageName: unknown
  linkType: soft

"@cordisjs/fetch-file@npm:^1.0.3":
  version: 1.0.3
  resolution: "@cordisjs/fetch-file@npm:1.0.3"
  dependencies:
    cosmokit: "npm:^1.8.0"
    file-type: "npm:^20.4.1"
    mime-types: "npm:^2.1.35"
  checksum: 10c0/4cd89948fc1ce704099d043cb65bf919233c41cf25f3c305558d2d833d0b607acafee333f43135980dc3dfec6eae1bd37a586578b2fbb495d14a0808cf416fb7
  languageName: node
  linkType: hard

"@cordisjs/muon@npm:^0.2.2":
  version: 0.2.2
  resolution: "@cordisjs/muon@npm:0.2.2"
  dependencies:
    cosmokit: "npm:^1.8.1"
  checksum: 10c0/a646bffca1cd6cce6c329a9df7c9a722fffa8da9eac54ecba89ef9411abe90203bb3f8708f937183f28bac56a910e0383374b1006caaae64f60258f48211b83a
  languageName: node
  linkType: hard

"@cordisjs/plugin-http@npm:^1.4.0":
  version: 1.5.0
  resolution: "@cordisjs/plugin-http@npm:1.5.0"
  dependencies:
    "@cordisjs/fetch-file": "npm:^1.0.3"
    cosmokit: "npm:^1.8.1"
    schemastery: "npm:^3.18.0"
  peerDependencies:
    cordis: ^4.0.0-rc.4
    undici: "*"
  peerDependenciesMeta:
    undici:
      optional: true
  checksum: 10c0/8a1e78ef9fd1762c3e8b92893af61fd6720a7e120df54acc360d988dc205b88d9018531ae21e07a3aba3e403665d9cc77480e1d42a25e14dcf3d8bcd3b8d848a
  languageName: node
  linkType: hard

"@cordisjs/plugin-include@npm:^1.0.3":
  version: 1.0.3
  resolution: "@cordisjs/plugin-include@npm:1.0.3"
  dependencies:
    cosmokit: "npm:^1.8.1"
    js-yaml: "npm:^4.1.0"
  peerDependencies:
    "@cordisjs/plugin-loader": ^1.0.0-rc.2
    cordis: ^4.0.0-rc.3
  checksum: 10c0/38708f2116690ea1f8956e71954579153dfb4b95c2037b6b17ae247d005bbba5cd3c94ef60fc40d216186a6eb5980eb20c548448ffe4a925094fc9b34fab421a
  languageName: node
  linkType: hard

"@cordisjs/plugin-loader-webui@portal:../../../../loader-webui::locator=%40cordis-market-fixture%2Fapp%40workspace%3A.":
  version: 0.0.0-use.local
  resolution: "@cordisjs/plugin-loader-webui@portal:../../../../loader-webui::locator=%40cordis-market-fixture%2Fapp%40workspace%3A."
  dependencies:
    "@npm/types": "npm:^2.1.0"
    cosmokit: "npm:^1.8.1"
    fast-glob: "npm:^3.3.3"
    schemastery: "npm:^3.18.0"
  peerDependencies:
    "@cordisjs/plugin-loader": ^1.0.0-rc.3
    "@cordisjs/plugin-timer": ^1.1.1
    "@cordisjs/plugin-webui": ^0.6.5
    cordis: ^4.0.0-rc.4
  languageName: node
  linkType: soft

"@cordisjs/plugin-loader@npm:^1.0.0-rc.3":
  version: 1.0.0-rc.3
  resolution: "@cordisjs/plugin-loader@npm:1.0.0-rc.3"
  dependencies:
    cosmokit: "npm:^1.8.1"
  peerDependencies:
    cordis: ^4.0.0-rc.4
  checksum: 10c0/6c26a30b06411fd2e6d81884dfd07777b5ade5096f45ddbaa6b4b2bf65f995da5c0deee5de0a5c65bdd255741bbb01e13e1d2fbe5b9c02d1621f9ff36d719b61
  languageName: node
  linkType: hard

"@cordisjs/plugin-logger@npm:^1.0.2":
  version: 1.0.2
  resolution: "@cordisjs/plugin-logger@npm:1.0.2"
  dependencies:
    cosmokit: "npm:^1.8.1"
    reggol: "npm:^2.1.0"
    schemastery: "npm:^3.18.0"
  peerDependencies:
    cordis: ^4.0.0-rc.1
  checksum: 10c0/c89d502247151e8093e47cd470e43d0ac93f33615f2a30118af6e5c589a74ddb57957c18c3c0b9f67009ef57fdf9034d7adadb760a7e4597fd0039ec902a4166
  languageName: node
  linkType: hard

"@cordisjs/plugin-market@portal:../../..::locator=%40cordis-market-fixture%2Fapp%40workspace%3A.":
  version: 0.0.0-use.local
  resolution: "@cordisjs/plugin-market@portal:../../..::locator=%40cordis-market-fixture%2Fapp%40workspace%3A."
  dependencies:
    cosmokit: "npm:^1.8.1"
    schemastery: "npm:^3.18.0"
    semver: "npm:^7.6.3"
    which-pm-runs: "npm:^1.1.0"
  peerDependencies:
    "@cordisjs/plugin-http": ^1.5.0
    "@cordisjs/plugin-webui": ^0.6.5
    cordis: ^4.0.0-rc.4
  languageName: node
  linkType: soft

"@cordisjs/plugin-server@npm:^1.5.0":
  version: 1.5.0
  resolution: "@cordisjs/plugin-server@npm:1.5.0"
  dependencies:
    "@types/ws": "npm:^8.18.1"
    accepts: "npm:^1.3.8"
    cosmokit: "npm:^1.8.1"
    path-to-regexp: "npm:^8.3.0"
    path-to-regexp-typed: "npm:^8.0.0"
    schemastery: "npm:^3.18.0"
    ws: "npm:^8.19.0"
  peerDependencies:
    "@cordisjs/plugin-logger": ^1.0.2
    cordis: ^4.0.0-rc.4
  checksum: 10c0/9d2956bf2425b53ffb99a446c42774bc3ad0edbccaf9c52a5a721b07aec7d60f5e98506d30c4979105ee764d99911981b7798dfe2b0ecceb381168feb6eb0a7c
  languageName: node
  linkType: hard

"@cordisjs/plugin-timer@npm:^1.1.1":
  version: 1.1.1
  resolution: "@cordisjs/plugin-timer@npm:1.1.1"
  dependencies:
    cosmokit: "npm:^1.8.0"
  peerDependencies:
    cordis: ^4.0.0-beta.1
  checksum: 10c0/1b1a830000c33e5880776a58680738bd45209255f12e3c5e81ce4fcc97a96a230921e07a79748a43b6b14295592b066404345dc10ff40a9cde52e37c34524857
  languageName: node
  linkType: hard

"@cordisjs/plugin-webui@portal:../../../../webui::locator=%40cordis-market-fixture%2Fapp%40workspace%3A.":
  version: 0.0.0-use.local
  resolution: "@cordisjs/plugin-webui@portal:../../../../webui::locator=%40cordis-market-fixture%2Fapp%40workspace%3A."
  dependencies:
    "@cordisjs/fetch-file": "npm:^1.0.3"
    "@cordisjs/muon": "npm:^0.2.2"
    cosmokit: "npm:^1.8.1"
    es-module-lexer: "npm:^2.0.0"
    open: "npm:^11.0.0"
    schemastery: "npm:^3.18.0"
  peerDependencies:
    "@cordisjs/client": ^0.6.5
    cordis: ^4.0.0-rc.4
  peerDependenciesMeta:
    "@cordisjs/client":
      optional: true
  languageName: node
  linkType: soft

"@nodelib/fs.scandir@npm:2.1.5":
  version: 2.1.5
  resolution: "@nodelib/fs.scandir@npm:2.1.5"
  dependencies:
    "@nodelib/fs.stat": "npm:2.0.5"
    run-parallel: "npm:^1.1.9"
  checksum: 10c0/732c3b6d1b1e967440e65f284bd06e5821fedf10a1bea9ed2bb75956ea1f30e08c44d3def9d6a230666574edbaf136f8cfd319c14fd1f87c66e6a44449afb2eb
  languageName: node
  linkType: hard

"@nodelib/fs.stat@npm:2.0.5, @nodelib/fs.stat@npm:^2.0.2":
  version: 2.0.5
  resolution: "@nodelib/fs.stat@npm:2.0.5"
  checksum: 10c0/88dafe5e3e29a388b07264680dc996c17f4bda48d163a9d4f5c1112979f0ce8ec72aa7116122c350b4e7976bc5566dc3ddb579be1ceaacc727872eb4ed93926d
  languageName: node
  linkType: hard

"@nodelib/fs.walk@npm:^1.2.3":
  version: 1.2.8
  resolution: "@nodelib/fs.walk@npm:1.2.8"
  dependencies:
    "@nodelib/fs.scandir": "npm:2.1.5"
    fastq: "npm:^1.6.0"
  checksum: 10c0/db9de047c3bb9b51f9335a7bb46f4fcfb6829fb628318c12115fbaf7d369bfce71c15b103d1fc3b464812d936220ee9bc1c8f762d032c9f6be9acc99249095b1
  languageName: node
  linkType: hard

"@npm/types@npm:^2.1.0":
  version: 2.1.0
  resolution: "@npm/types@npm:2.1.0"
  checksum: 10c0/ea21c6d76bafcbf78f550cbc41f3903a122e7491a21fe6dc86a051721a04c9cb4b53a745794d5fc5ea403cebe0d6d00e27f40b66020930b22df66468c9953ab8
  languageName: node
  linkType: hard

"@standard-schema/spec@npm:^1.1.0":
  version: 1.1.0
  resolution: "@standard-schema/spec@npm:1.1.0"
  checksum: 10c0/d90f55acde4b2deb983529c87e8025fa693de1a5e8b49ecc6eb84d1fd96328add0e03d7d551442156c7432fd78165b2c26ff561b970a9a881f046abb78d6a526
  languageName: node
  linkType: hard

"@tokenizer/inflate@npm:^0.2.6":
  version: 0.2.7
  resolution: "@tokenizer/inflate@npm:0.2.7"
  dependencies:
    debug: "npm:^4.4.0"
    fflate: "npm:^0.8.2"
    token-types: "npm:^6.0.0"
  checksum: 10c0/75bd0c510810dfd62be9d963216b5852cde021e1f8aab43b37662bc6aa75e65fd7277fcab7d463186b55cee36a5b61129916161bdb2a7d18064016156c7daf4f
  languageName: node
  linkType: hard

"@tokenizer/token@npm:^0.3.0":
  version: 0.3.0
  resolution: "@tokenizer/token@npm:0.3.0"
  checksum: 10c0/7ab9a822d4b5ff3f5bca7f7d14d46bdd8432528e028db4a52be7fbf90c7f495cc1af1324691dda2813c6af8dc4b8eb29de3107d4508165f9aa5b53e7d501f155
  languageName: node
  linkType: hard

"@types/node@npm:*":
  version: 25.6.0
  resolution: "@types/node@npm:25.6.0"
  dependencies:
    undici-types: "npm:~7.19.0"
  checksum: 10c0/d2d2015630ff098a201407f55f5077a20270ae4f465c739b40865cd9933b91b9c5d2b85568eadaf3db0801b91e267333ca7eb39f007428b173d1cdab4b339ac5
  languageName: node
  linkType: hard

"@types/ws@npm:^8.18.1":
  version: 8.18.1
  resolution: "@types/ws@npm:8.18.1"
  dependencies:
    "@types/node": "npm:*"
  checksum: 10c0/61aff1129143fcc4312f083bc9e9e168aa3026b7dd6e70796276dcfb2c8211c4292603f9c4864fae702f2ed86e4abd4d38aa421831c2fd7f856c931a481afbab
  languageName: node
  linkType: hard

"accepts@npm:^1.3.8":
  version: 1.3.8
  resolution: "accepts@npm:1.3.8"
  dependencies:
    mime-types: "npm:~2.1.34"
    negotiator: "npm:0.6.3"
  checksum: 10c0/3a35c5f5586cfb9a21163ca47a5f77ac34fa8ceb5d17d2fa2c0d81f41cbd7f8c6fa52c77e2c039acc0f4d09e71abdc51144246900f6bef5e3c4b333f77d89362
  languageName: node
  linkType: hard

"argparse@npm:^2.0.1":
  version: 2.0.1
  resolution: "argparse@npm:2.0.1"
  checksum: 10c0/c5640c2d89045371c7cedd6a70212a04e360fd34d6edeae32f6952c63949e3525ea77dbec0289d8213a99bbaeab5abfa860b5c12cf88a2e6cf8106e90dd27a7e
  languageName: node
  linkType: hard

"braces@npm:^3.0.3":
  version: 3.0.3
  resolution: "braces@npm:3.0.3"
  dependencies:
    fill-range: "npm:^7.1.1"
  checksum: 10c0/7c6dfd30c338d2997ba77500539227b9d1f85e388a5f43220865201e407e076783d0881f2d297b9f80951b4c957fcf0b51c1d2d24227631643c3f7c284b0aa04
  languageName: node
  linkType: hard

"bundle-name@npm:^4.1.0":
  version: 4.1.0
  resolution: "bundle-name@npm:4.1.0"
  dependencies:
    run-applescript: "npm:^7.0.0"
  checksum: 10c0/8e575981e79c2bcf14d8b1c027a3775c095d362d1382312f444a7c861b0e21513c0bd8db5bd2b16e50ba0709fa622d4eab6b53192d222120305e68359daece29
  languageName: node
  linkType: hard

"cordis@npm:^4.0.0-rc.4":
  version: 4.0.0-rc.4
  resolution: "cordis@npm:4.0.0-rc.4"
  dependencies:
    "@standard-schema/spec": "npm:^1.1.0"
    cosmokit: "npm:^1.8.1"
  peerDependencies:
    "@cordisjs/plugin-include": ^1.0.3
    "@cordisjs/plugin-loader": ^1.0.0-rc.3
  peerDependenciesMeta:
    "@cordisjs/plugin-include":
      optional: true
    "@cordisjs/plugin-loader":
      optional: true
  bin:
    cordis: bin.js
  checksum: 10c0/7d52b10c328c55acea8f8a7515bd55dbb8a9ba496c17c86db29899cf4a5d60aa95ddbeab848ec7ebd20f9e85e43b8d238dee40c8ce21d5848ff634559a6d7762
  languageName: node
  linkType: hard

"cosmokit@npm:^1.7.3, cosmokit@npm:^1.8.0, cosmokit@npm:^1.8.1":
  version: 1.8.1
  resolution: "cosmokit@npm:1.8.1"
  checksum: 10c0/56b0294572efc7793d5854b0022243fab9899d0ab6ce7da873839572b4dc8c6d3ba8d6ff5b61231dca2e9d821af73a2be5d502d9ea52af2671374711a93620aa
  languageName: node
  linkType: hard

"debug@npm:^4.4.0":
  version: 4.4.3
  resolution: "debug@npm:4.4.3"
  dependencies:
    ms: "npm:^2.1.3"
  peerDependenciesMeta:
    supports-color:
      optional: true
  checksum: 10c0/d79136ec6c83ecbefd0f6a5593da6a9c91ec4d7ddc4b54c883d6e71ec9accb5f67a1a5e96d00a328196b5b5c86d365e98d8a3a70856aaf16b4e7b1985e67f5a6
  languageName: node
  linkType: hard

"default-browser-id@npm:^5.0.0":
  version: 5.0.1
  resolution: "default-browser-id@npm:5.0.1"
  checksum: 10c0/5288b3094c740ef3a86df9b999b04ff5ba4dee6b64e7b355c0fff5217752c8c86908d67f32f6cba9bb4f9b7b61a1b640c0a4f9e34c57e0ff3493559a625245ee
  languageName: node
  linkType: hard

"default-browser@npm:^5.4.0":
  version: 5.5.0
  resolution: "default-browser@npm:5.5.0"
  dependencies:
    bundle-name: "npm:^4.1.0"
    default-browser-id: "npm:^5.0.0"
  checksum: 10c0/576593b617b17a7223014b4571bfe1c06a2581a4eb8b130985d90d253afa3f40999caec70eb0e5776e80d4af6a41cce91018cd3f86e57ad578bf59e46fb19abe
  languageName: node
  linkType: hard

"define-lazy-prop@npm:^3.0.0":
  version: 3.0.0
  resolution: "define-lazy-prop@npm:3.0.0"
  checksum: 10c0/5ab0b2bf3fa58b3a443140bbd4cd3db1f91b985cc8a246d330b9ac3fc0b6a325a6d82bddc0b055123d745b3f9931afeea74a5ec545439a1630b9c8512b0eeb49
  languageName: node
  linkType: hard

"es-module-lexer@npm:^2.0.0":
  version: 2.1.0
  resolution: "es-module-lexer@npm:2.1.0"
  checksum: 10c0/93bcf2454fa72d67fe3ccd0abef8ce7933f5840a319513418a643dd8e9c6aa8f49709cecfae02ded722805dd327232d30723a807cc52e6809d6ac697c62c29fb
  languageName: node
  linkType: hard

"fast-glob@npm:^3.3.3":
  version: 3.3.3
  resolution: "fast-glob@npm:3.3.3"
  dependencies:
    "@nodelib/fs.stat": "npm:^2.0.2"
    "@nodelib/fs.walk": "npm:^1.2.3"
    glob-parent: "npm:^5.1.2"
    merge2: "npm:^1.3.0"
    micromatch: "npm:^4.0.8"
  checksum: 10c0/f6aaa141d0d3384cf73cbcdfc52f475ed293f6d5b65bfc5def368b09163a9f7e5ec2b3014d80f733c405f58e470ee0cc451c2937685045cddcdeaa24199c43fe
  languageName: node
  linkType: hard

"fastq@npm:^1.6.0":
  version: 1.20.1
  resolution: "fastq@npm:1.20.1"
  dependencies:
    reusify: "npm:^1.0.4"
  checksum: 10c0/e5dd725884decb1f11e5c822221d76136f239d0236f176fab80b7b8f9e7619ae57e6b4e5b73defc21e6b9ef99437ee7b545cff8e6c2c337819633712fa9d352e
  languageName: node
  linkType: hard

"fflate@npm:^0.8.2":
  version: 0.8.2
  resolution: "fflate@npm:0.8.2"
  checksum: 10c0/03448d630c0a583abea594835a9fdb2aaf7d67787055a761515bf4ed862913cfd693b4c4ffd5c3f3b355a70cf1e19033e9ae5aedcca103188aaff91b8bd6e293
  languageName: node
  linkType: hard

"file-type@npm:^20.4.1":
  version: 20.5.0
  resolution: "file-type@npm:20.5.0"
  dependencies:
    "@tokenizer/inflate": "npm:^0.2.6"
    strtok3: "npm:^10.2.0"
    token-types: "npm:^6.0.0"
    uint8array-extras: "npm:^1.4.0"
  checksum: 10c0/9b13d7e4eca79752008f036712a42df78393f05b88b9013c5754b04d3eb90b051cb692836a04acf7d2c696cb9f28077ddf8ebd6830175807f14fddf837d63be3
  languageName: node
  linkType: hard

"fill-range@npm:^7.1.1":
  version: 7.1.1
  resolution: "fill-range@npm:7.1.1"
  dependencies:
    to-regex-range: "npm:^5.0.1"
  checksum: 10c0/b75b691bbe065472f38824f694c2f7449d7f5004aa950426a2c28f0306c60db9b880c0b0e4ed819997ffb882d1da02cfcfc819bddc94d71627f5269682edf018
  languageName: node
  linkType: hard

"glob-parent@npm:^5.1.2":
  version: 5.1.2
  resolution: "glob-parent@npm:5.1.2"
  dependencies:
    is-glob: "npm:^4.0.1"
  checksum: 10c0/cab87638e2112bee3f839ef5f6e0765057163d39c66be8ec1602f3823da4692297ad4e972de876ea17c44d652978638d2fd583c6713d0eb6591706825020c9ee
  languageName: node
  linkType: hard

"ieee754@npm:^1.2.1":
  version: 1.2.1
  resolution: "ieee754@npm:1.2.1"
  checksum: 10c0/b0782ef5e0935b9f12883a2e2aa37baa75da6e66ce6515c168697b42160807d9330de9a32ec1ed73149aea02e0d822e572bca6f1e22bdcbd2149e13b050b17bb
  languageName: node
  linkType: hard

"is-docker@npm:^3.0.0":
  version: 3.0.0
  resolution: "is-docker@npm:3.0.0"
  bin:
    is-docker: cli.js
  checksum: 10c0/d2c4f8e6d3e34df75a5defd44991b6068afad4835bb783b902fa12d13ebdb8f41b2a199dcb0b5ed2cb78bfee9e4c0bbdb69c2d9646f4106464674d3e697a5856
  languageName: node
  linkType: hard

"is-extglob@npm:^2.1.1":
  version: 2.1.1
  resolution: "is-extglob@npm:2.1.1"
  checksum: 10c0/5487da35691fbc339700bbb2730430b07777a3c21b9ebaecb3072512dfd7b4ba78ac2381a87e8d78d20ea08affb3f1971b4af629173a6bf435ff8a4c47747912
  languageName: node
  linkType: hard

"is-glob@npm:^4.0.1":
  version: 4.0.3
  resolution: "is-glob@npm:4.0.3"
  dependencies:
    is-extglob: "npm:^2.1.1"
  checksum: 10c0/17fb4014e22be3bbecea9b2e3a76e9e34ff645466be702f1693e8f1ee1adac84710d0be0bd9f967d6354036fd51ab7c2741d954d6e91dae6bb69714de92c197a
  languageName: node
  linkType: hard

"is-in-ssh@npm:^1.0.0":
  version: 1.0.0
  resolution: "is-in-ssh@npm:1.0.0"
  checksum: 10c0/fbb4c25d85c543df09997fbe7aeca410ae0c839c5825bba2d4c672df765e9ce0e7558e781b371c0a21d6ef9bbac39b31875617a68eaaea5504438d07db9a2ffa
  languageName: node
  linkType: hard

"is-inside-container@npm:^1.0.0":
  version: 1.0.0
  resolution: "is-inside-container@npm:1.0.0"
  dependencies:
    is-docker: "npm:^3.0.0"
  bin:
    is-inside-container: cli.js
  checksum: 10c0/a8efb0e84f6197e6ff5c64c52890fa9acb49b7b74fed4da7c95383965da6f0fa592b4dbd5e38a79f87fc108196937acdbcd758fcefc9b140e479b39ce1fcd1cd
  languageName: node
  linkType: hard

"is-number@npm:^7.0.0":
  version: 7.0.0
  resolution: "is-number@npm:7.0.0"
  checksum: 10c0/b4686d0d3053146095ccd45346461bc8e53b80aeb7671cc52a4de02dbbf7dc0d1d2a986e2fe4ae206984b4d34ef37e8b795ebc4f4295c978373e6575e295d811
  languageName: node
  linkType: hard

"is-wsl@npm:^3.1.0":
  version: 3.1.1
  resolution: "is-wsl@npm:3.1.1"
  dependencies:
    is-inside-container: "npm:^1.0.0"
  checksum: 10c0/7e5023522bfb8f27de4de960b0d82c4a8146c0bddb186529a3616d78b5bbbfc19ef0c5fc60d0b3a3cc0bf95a415fbdedc18454310ea3049587c879b07ace5107
  languageName: node
  linkType: hard

"js-yaml@npm:^4.1.0":
  version: 4.1.1
  resolution: "js-yaml@npm:4.1.1"
  dependencies:
    argparse: "npm:^2.0.1"
  bin:
    js-yaml: bin/js-yaml.js
  checksum: 10c0/561c7d7088c40a9bb53cc75becbfb1df6ae49b34b5e6e5a81744b14ae8667ec564ad2527709d1a6e7d5e5fa6d483aa0f373a50ad98d42fde368ec4a190d4fae7
  languageName: node
  linkType: hard

"merge2@npm:^1.3.0":
  version: 1.4.1
  resolution: "merge2@npm:1.4.1"
  checksum: 10c0/254a8a4605b58f450308fc474c82ac9a094848081bf4c06778200207820e5193726dc563a0d2c16468810516a5c97d9d3ea0ca6585d23c58ccfff2403e8dbbeb
  languageName: node
  linkType: hard

"micromatch@npm:^4.0.8":
  version: 4.0.8
  resolution: "micromatch@npm:4.0.8"
  dependencies:
    braces: "npm:^3.0.3"
    picomatch: "npm:^2.3.1"
  checksum: 10c0/166fa6eb926b9553f32ef81f5f531d27b4ce7da60e5baf8c021d043b27a388fb95e46a8038d5045877881e673f8134122b59624d5cecbd16eb50a42e7a6b5ca8
  languageName: node
  linkType: hard

"mime-db@npm:1.52.0":
  version: 1.52.0
  resolution: "mime-db@npm:1.52.0"
  checksum: 10c0/0557a01deebf45ac5f5777fe7740b2a5c309c6d62d40ceab4e23da9f821899ce7a900b7ac8157d4548ddbb7beffe9abc621250e6d182b0397ec7f10c7b91a5aa
  languageName: node
  linkType: hard

"mime-types@npm:^2.1.35, mime-types@npm:~2.1.34":
  version: 2.1.35
  resolution: "mime-types@npm:2.1.35"
  dependencies:
    mime-db: "npm:1.52.0"
  checksum: 10c0/82fb07ec56d8ff1fc999a84f2f217aa46cb6ed1033fefaabd5785b9a974ed225c90dc72fff460259e66b95b73648596dbcc50d51ed69cdf464af2d237d3149b2
  languageName: node
  linkType: hard

"ms@npm:^2.1.3":
  version: 2.1.3
  resolution: "ms@npm:2.1.3"
  checksum: 10c0/d924b57e7312b3b63ad21fc5b3dc0af5e78d61a1fc7cfb5457edaf26326bf62be5307cc87ffb6862ef1c2b33b0233cdb5d4f01c4c958cc0d660948b65a287a48
  languageName: node
  linkType: hard

"negotiator@npm:0.6.3":
  version: 0.6.3
  resolution: "negotiator@npm:0.6.3"
  checksum: 10c0/3ec9fd413e7bf071c937ae60d572bc67155262068ed522cf4b3be5edbe6ddf67d095ec03a3a14ebf8fc8e95f8e1d61be4869db0dbb0de696f6b837358bd43fc2
  languageName: node
  linkType: hard

"object-inspect@npm:^1.13.4":
  version: 1.13.4
  resolution: "object-inspect@npm:1.13.4"
  checksum: 10c0/d7f8711e803b96ea3191c745d6f8056ce1f2496e530e6a19a0e92d89b0fa3c76d910c31f0aa270432db6bd3b2f85500a376a83aaba849a8d518c8845b3211692
  languageName: node
  linkType: hard

"open@npm:^11.0.0":
  version: 11.0.0
  resolution: "open@npm:11.0.0"
  dependencies:
    default-browser: "npm:^5.4.0"
    define-lazy-prop: "npm:^3.0.0"
    is-in-ssh: "npm:^1.0.0"
    is-inside-container: "npm:^1.0.0"
    powershell-utils: "npm:^0.1.0"
    wsl-utils: "npm:^0.3.0"
  checksum: 10c0/7aeeda4131268ed90f90e7728dda5c46bb0c6205b27a4be3e86ea33593e30dd393423e20e31c00802a8e635ef59becaee33ef9749a8ceb027567cd253e9e7b1e
  languageName: node
  linkType: hard

"path-to-regexp-typed@npm:^8.0.0":
  version: 8.0.0
  resolution: "path-to-regexp-typed@npm:8.0.0"
  peerDependencies:
    path-to-regexp: ^8.0.0
  checksum: 10c0/3f6459f8606fdf19a6c82f316c3b1ae2d9fdb1e844d0ff0ee5f1291ad7630cc29426a4808c1a4264d0a23fc87e6bbc2f5b5d250a8521b22884ec1b9a5be96d6c
  languageName: node
  linkType: hard

"path-to-regexp@npm:^8.3.0":
  version: 8.4.2
  resolution: "path-to-regexp@npm:8.4.2"
  checksum: 10c0/05b115c49b47ad252ce05faa32930f643f23769c68b8bcfe78ad833545140c48bbffb3266986d6c8d5db13a64cf12e07e0d72d9882cab830efeefa553533ebaf
  languageName: node
  linkType: hard

"picomatch@npm:^2.3.1":
  version: 2.3.2
  resolution: "picomatch@npm:2.3.2"
  checksum: 10c0/a554d1709e59be97d1acb9eaedbbc700a5c03dbd4579807baed95100b00420bc729335440ef15004ae2378984e2487a7c1cebd743cfdb72b6fa9ab69223c0d61
  languageName: node
  linkType: hard

"powershell-utils@npm:^0.1.0":
  version: 0.1.0
  resolution: "powershell-utils@npm:0.1.0"
  checksum: 10c0/a64713cf3583259c9ed6be211c06b4b19e8608bcb0f7f6287ffac0a95b8c7582b6b662eea0e201fd659492c8e9f9c5fd0bfc4579645c5add9c1a600075621c95
  languageName: node
  linkType: hard

"queue-microtask@npm:^1.2.2":
  version: 1.2.3
  resolution: "queue-microtask@npm:1.2.3"
  checksum: 10c0/900a93d3cdae3acd7d16f642c29a642aea32c2026446151f0778c62ac089d4b8e6c986811076e1ae180a694cedf077d453a11b58ff0a865629a4f82ab558e102
  languageName: node
  linkType: hard

"reggol@npm:^2.1.0":
  version: 2.1.0
  resolution: "reggol@npm:2.1.0"
  dependencies:
    cosmokit: "npm:^1.7.3"
    object-inspect: "npm:^1.13.4"
    supports-color: "npm:^10.0.0"
  checksum: 10c0/708441e574d9abbf9d9c6991ceeed4f15e89427d814c7e2449d7bf514525c2bc49537270225cfa66325cb38c460187b21a6e29b746610fc3b030c30179729e7b
  languageName: node
  linkType: hard

"reusify@npm:^1.0.4":
  version: 1.1.0
  resolution: "reusify@npm:1.1.0"
  checksum: 10c0/4eff0d4a5f9383566c7d7ec437b671cc51b25963bd61bf127c3f3d3f68e44a026d99b8d2f1ad344afff8d278a8fe70a8ea092650a716d22287e8bef7126bb2fa
  languageName: node
  linkType: hard

"run-applescript@npm:^7.0.0":
  version: 7.1.0
  resolution: "run-applescript@npm:7.1.0"
  checksum: 10c0/ab826c57c20f244b2ee807704b1ef4ba7f566aa766481ae5922aac785e2570809e297c69afcccc3593095b538a8a77d26f2b2e9a1d9dffee24e0e039502d1a03
  languageName: node
  linkType: hard

"run-parallel@npm:^1.1.9":
  version: 1.2.0
  resolution: "run-parallel@npm:1.2.0"
  dependencies:
    queue-microtask: "npm:^1.2.2"
  checksum: 10c0/200b5ab25b5b8b7113f9901bfe3afc347e19bb7475b267d55ad0eb86a62a46d77510cb0f232507c9e5d497ebda569a08a9867d0d14f57a82ad5564d991588b39
  languageName: node
  linkType: hard

"schemastery@npm:^3.18.0":
  version: 3.18.0
  resolution: "schemastery@npm:3.18.0"
  dependencies:
    "@standard-schema/spec": "npm:^1.1.0"
    cosmokit: "npm:^1.8.1"
  checksum: 10c0/2f18f79adbc478e8f90914c3dbb9cf74f6e17a593b32565cbdf6e13cf152bdf0d03fa9f42aed35d27430fec54b0c2bf53b71b8b505ccc80f121cb694095a9513
  languageName: node
  linkType: hard

"semver@npm:^7.6.3":
  version: 7.7.4
  resolution: "semver@npm:7.7.4"
  bin:
    semver: bin/semver.js
  checksum: 10c0/5215ad0234e2845d4ea5bb9d836d42b03499546ddafb12075566899fc617f68794bb6f146076b6881d755de17d6c6cc73372555879ec7dce2c2feee947866ad2
  languageName: node
  linkType: hard

"strtok3@npm:^10.2.0":
  version: 10.3.5
  resolution: "strtok3@npm:10.3.5"
  dependencies:
    "@tokenizer/token": "npm:^0.3.0"
  checksum: 10c0/8d2477b239054c9f1f5b14a65d531147ca158ab9887fdc2d0938e77b7ec8891fb683b58254c7643afd5d98a421a59207534d491762b111f58c795071ecbe9fd1
  languageName: node
  linkType: hard

"supports-color@npm:^10.0.0":
  version: 10.2.2
  resolution: "supports-color@npm:10.2.2"
  checksum: 10c0/fb28dd7e0cdf80afb3f2a41df5e068d60c8b4f97f7140de2eaed5b42e075d82a0e980b20a2c0efd2b6d73cfacb55555285d8cc719fa0472220715aefeaa1da7c
  languageName: node
  linkType: hard

"to-regex-range@npm:^5.0.1":
  version: 5.0.1
  resolution: "to-regex-range@npm:5.0.1"
  dependencies:
    is-number: "npm:^7.0.0"
  checksum: 10c0/487988b0a19c654ff3e1961b87f471702e708fa8a8dd02a298ef16da7206692e8552a0250e8b3e8759270f62e9d8314616f6da274734d3b558b1fc7b7724e892
  languageName: node
  linkType: hard

"token-types@npm:^6.0.0":
  version: 6.1.2
  resolution: "token-types@npm:6.1.2"
  dependencies:
    "@borewit/text-codec": "npm:^0.2.1"
    "@tokenizer/token": "npm:^0.3.0"
    ieee754: "npm:^1.2.1"
  checksum: 10c0/8786e28e3cb65b9e890bc3c38def98e6dfe4565538237f8c0e47dbe549ed8f5f00de8dc464717868308abb4729f1958f78f69e1c4c3deebbb685729113a6fee8
  languageName: node
  linkType: hard

"uint8array-extras@npm:^1.4.0":
  version: 1.5.0
  resolution: "uint8array-extras@npm:1.5.0"
  checksum: 10c0/0e74641ac7dadb02eadefc1ccdadba6010e007757bda824960de3c72bbe2b04e6d3af75648441f412148c4103261d54fcb60be45a2863beb76643a55fddba3bd
  languageName: node
  linkType: hard

"undici-types@npm:~7.19.0":
  version: 7.19.2
  resolution: "undici-types@npm:7.19.2"
  checksum: 10c0/7159f10546f9f6c47d36776bb1bbf8671e87c1e587a6fee84ae1f111ae8de4f914efa8ca0dfcd224f4f4a9dfc3f6028f627ccb5ddaccf82d7fd54671b89fac3e
  languageName: node
  linkType: hard

"which-pm-runs@npm:^1.1.0":
  version: 1.1.0
  resolution: "which-pm-runs@npm:1.1.0"
  checksum: 10c0/b8f2f230aa49babe21cb93f169f5da13937f940b8cc7a47d2078d9d200950c0dba5ac5659bc01bdbe401e6db3adec6a97b6115215a4ca8e87fd714aebd0cabc6
  languageName: node
  linkType: hard

"ws@npm:^8.19.0":
  version: 8.20.0
  resolution: "ws@npm:8.20.0"
  peerDependencies:
    bufferutil: ^4.0.1
    utf-8-validate: ">=5.0.2"
  peerDependenciesMeta:
    bufferutil:
      optional: true
    utf-8-validate:
      optional: true
  checksum: 10c0/956ac5f11738c914089b65878b9223692ace77337ba55379ae68e1ecbeae9b47a0c6eb9403688f609999a58c80d83d99865fe0029b229d308b08c1ef93d4ea14
  languageName: node
  linkType: hard

"wsl-utils@npm:^0.3.0":
  version: 0.3.1
  resolution: "wsl-utils@npm:0.3.1"
  dependencies:
    is-wsl: "npm:^3.1.0"
    powershell-utils: "npm:^0.1.0"
  checksum: 10c0/b3ba99cc6b71f66457eef598d529beeb8cb57a72646877fe25993894b808c60b82f6d47df5463f0b6e54632272f62f5eaea105c12784fd09b06f500f3f53aa2e
  languageName: node
  linkType: hard
